// !$*UTF8*$!
{
	archiveVersion = 1;
	classes = {
	};
	objectVersion = 56;
	objects = {

/* Begin PBXBuildFile section */
		57425FD12C592675007D1E76 /* Alamofire in Frameworks */ = {isa = PBXBuildFile; productRef = 57425FD02C592675007D1E76 /* Alamofire */; };
		57425FD52C59276D007D1E76 /* Endpointable.swift in Sources */ = {isa = PBXBuildFile; fileRef = 57425FD42C59276D007D1E76 /* Endpointable.swift */; };
		57425FD72C59289E007D1E76 /* TopHeadlinesEndpoint.swift in Sources */ = {isa = PBXBuildFile; fileRef = 57425FD62C59289E007D1E76 /* TopHeadlinesEndpoint.swift */; };
		57425FDA2C592C11007D1E76 /* ServerConfig.swift in Sources */ = {isa = PBXBuildFile; fileRef = 57425FD92C592C11007D1E76 /* ServerConfig.swift */; };
		57425FDD2C592F66007D1E76 /* AlamofireHelper.swift in Sources */ = {isa = PBXBuildFile; fileRef = 57425FDC2C592F66007D1E76 /* AlamofireHelper.swift */; };
		57425FE32C5936B7007D1E76 /* HTTPRequestable.swift in Sources */ = {isa = PBXBuildFile; fileRef = 57425FE22C5936B7007D1E76 /* HTTPRequestable.swift */; };
		5778999A2C59208E00013EEF /* TopHeadlinesRepository.swift in Sources */ = {isa = PBXBuildFile; fileRef = 577899992C59208E00013EEF /* TopHeadlinesRepository.swift */; };
		5778999C2C5920A500013EEF /* TopHeadlinesLocalDataSource.swift in Sources */ = {isa = PBXBuildFile; fileRef = 5778999B2C5920A500013EEF /* TopHeadlinesLocalDataSource.swift */; };
		5778999F2C5920BE00013EEF /* HeadlineEntity.swift in Sources */ = {isa = PBXBuildFile; fileRef = 5778999E2C5920BE00013EEF /* HeadlineEntity.swift */; };
		577899A12C5920D500013EEF /* TopHeadlinesRemoteDataSource.swift in Sources */ = {isa = PBXBuildFile; fileRef = 577899A02C5920D500013EEF /* TopHeadlinesRemoteDataSource.swift */; };
		577899A42C5920F300013EEF /* TopHeadlinesResponseModel.swift in Sources */ = {isa = PBXBuildFile; fileRef = 577899A32C5920F300013EEF /* TopHeadlinesResponseModel.swift */; };
		577899A62C59210100013EEF /* HeadlineModel.swift in Sources */ = {isa = PBXBuildFile; fileRef = 577899A52C59210100013EEF /* HeadlineModel.swift */; };
		577899A82C59248500013EEF /* SourceResponseModel.swift in Sources */ = {isa = PBXBuildFile; fileRef = 577899A72C59248500013EEF /* SourceResponseModel.swift */; };
		577899AA2C59249600013EEF /* ArticleResponseModel.swift in Sources */ = {isa = PBXBuildFile; fileRef = 577899A92C59249600013EEF /* ArticleResponseModel.swift */; };
		57BEB4722C59AA9900E20930 /* AppDelegate.swift in Sources */ = {isa = PBXBuildFile; fileRef = 57BEB4712C59AA9900E20930 /* AppDelegate.swift */; };
		57BEB4742C59AABA00E20930 /* SceneDelegate.swift in Sources */ = {isa = PBXBuildFile; fileRef = 57BEB4732C59AABA00E20930 /* SceneDelegate.swift */; };
		57BEB4782C59AB2E00E20930 /* MainViewController.swift in Sources */ = {isa = PBXBuildFile; fileRef = 57BEB4772C59AB2E00E20930 /* MainViewController.swift */; };
		57BEB47A2C59AB3A00E20930 /* MainViewModel.swift in Sources */ = {isa = PBXBuildFile; fileRef = 57BEB4792C59AB3A00E20930 /* MainViewModel.swift */; };
		57BEB47C2C59AB6000E20930 /* MainView.swift in Sources */ = {isa = PBXBuildFile; fileRef = 57BEB47B2C59AB6000E20930 /* MainView.swift */; };
		57CC54602C59B7EF00A5ACD3 /* SnapKit in Frameworks */ = {isa = PBXBuildFile; productRef = 57CC545F2C59B7EF00A5ACD3 /* SnapKit */; };
		57CC54642C59C67500A5ACD3 /* HeadlineCell.swift in Sources */ = {isa = PBXBuildFile; fileRef = 57CC54632C59C67500A5ACD3 /* HeadlineCell.swift */; };
		57CC54662C5A0AC900A5ACD3 /* HeadlineCellData.swift in Sources */ = {isa = PBXBuildFile; fileRef = 57CC54652C5A0AC900A5ACD3 /* HeadlineCellData.swift */; };
		57EC79092C58D4F0004715AE /* Assets.xcassets in Resources */ = {isa = PBXBuildFile; fileRef = 57EC79082C58D4F0004715AE /* Assets.xcassets */; };
		57EC790C2C58D4F0004715AE /* Preview Assets.xcassets in Resources */ = {isa = PBXBuildFile; fileRef = 57EC790B2C58D4F0004715AE /* Preview Assets.xcassets */; };
		57EC79162C58D4F0004715AE /* NewsAPITests.swift in Sources */ = {isa = PBXBuildFile; fileRef = 57EC79152C58D4F0004715AE /* NewsAPITests.swift */; };
		57EC79202C58D4F0004715AE /* NewsAPIUITests.swift in Sources */ = {isa = PBXBuildFile; fileRef = 57EC791F2C58D4F0004715AE /* NewsAPIUITests.swift */; };
		57EC79222C58D4F0004715AE /* NewsAPIUITestsLaunchTests.swift in Sources */ = {isa = PBXBuildFile; fileRef = 57EC79212C58D4F0004715AE /* NewsAPIUITestsLaunchTests.swift */; };
/* End PBXBuildFile section */

/* Begin PBXContainerItemProxy section */
		57EC79122C58D4F0004715AE /* PBXContainerItemProxy */ = {
			isa = PBXContainerItemProxy;
			containerPortal = 57EC78F92C58D4EF004715AE /* Project object */;
			proxyType = 1;
			remoteGlobalIDString = 57EC79002C58D4EF004715AE;
			remoteInfo = NewsAPI;
		};
		57EC791C2C58D4F0004715AE /* PBXContainerItemProxy */ = {
			isa = PBXContainerItemProxy;
			containerPortal = 57EC78F92C58D4EF004715AE /* Project object */;
			proxyType = 1;
			remoteGlobalIDString = 57EC79002C58D4EF004715AE;
			remoteInfo = NewsAPI;
		};
/* End PBXContainerItemProxy section */

/* Begin PBXFileReference section */
		57425FD42C59276D007D1E76 /* Endpointable.swift */ = {isa = PBXFileReference; lastKnownFileType = sourcecode.swift; path = Endpointable.swift; sourceTree = "<group>"; };
		57425FD62C59289E007D1E76 /* TopHeadlinesEndpoint.swift */ = {isa = PBXFileReference; lastKnownFileType = sourcecode.swift; path = TopHeadlinesEndpoint.swift; sourceTree = "<group>"; };
		57425FD92C592C11007D1E76 /* ServerConfig.swift */ = {isa = PBXFileReference; lastKnownFileType = sourcecode.swift; path = ServerConfig.swift; sourceTree = "<group>"; };
		57425FDC2C592F66007D1E76 /* AlamofireHelper.swift */ = {isa = PBXFileReference; lastKnownFileType = sourcecode.swift; path = AlamofireHelper.swift; sourceTree = "<group>"; };
		57425FE22C5936B7007D1E76 /* HTTPRequestable.swift */ = {isa = PBXFileReference; lastKnownFileType = sourcecode.swift; path = HTTPRequestable.swift; sourceTree = "<group>"; };
		577899992C59208E00013EEF /* TopHeadlinesRepository.swift */ = {isa = PBXFileReference; lastKnownFileType = sourcecode.swift; path = TopHeadlinesRepository.swift; sourceTree = "<group>"; };
		5778999B2C5920A500013EEF /* TopHeadlinesLocalDataSource.swift */ = {isa = PBXFileReference; lastKnownFileType = sourcecode.swift; path = TopHeadlinesLocalDataSource.swift; sourceTree = "<group>"; };
		5778999E2C5920BE00013EEF /* HeadlineEntity.swift */ = {isa = PBXFileReference; lastKnownFileType = sourcecode.swift; path = HeadlineEntity.swift; sourceTree = "<group>"; };
		577899A02C5920D500013EEF /* TopHeadlinesRemoteDataSource.swift */ = {isa = PBXFileReference; lastKnownFileType = sourcecode.swift; path = TopHeadlinesRemoteDataSource.swift; sourceTree = "<group>"; };
		577899A32C5920F300013EEF /* TopHeadlinesResponseModel.swift */ = {isa = PBXFileReference; lastKnownFileType = sourcecode.swift; path = TopHeadlinesResponseModel.swift; sourceTree = "<group>"; };
		577899A52C59210100013EEF /* HeadlineModel.swift */ = {isa = PBXFileReference; lastKnownFileType = sourcecode.swift; path = HeadlineModel.swift; sourceTree = "<group>"; };
		577899A72C59248500013EEF /* SourceResponseModel.swift */ = {isa = PBXFileReference; lastKnownFileType = sourcecode.swift; path = SourceResponseModel.swift; sourceTree = "<group>"; };
		577899A92C59249600013EEF /* ArticleResponseModel.swift */ = {isa = PBXFileReference; lastKnownFileType = sourcecode.swift; path = ArticleResponseModel.swift; sourceTree = "<group>"; };
		57BEB4712C59AA9900E20930 /* AppDelegate.swift */ = {isa = PBXFileReference; lastKnownFileType = sourcecode.swift; path = AppDelegate.swift; sourceTree = "<group>"; };
		57BEB4732C59AABA00E20930 /* SceneDelegate.swift */ = {isa = PBXFileReference; lastKnownFileType = sourcecode.swift; path = SceneDelegate.swift; sourceTree = "<group>"; };
		57BEB4772C59AB2E00E20930 /* MainViewController.swift */ = {isa = PBXFileReference; lastKnownFileType = sourcecode.swift; path = MainViewController.swift; sourceTree = "<group>"; };
		57BEB4792C59AB3A00E20930 /* MainViewModel.swift */ = {isa = PBXFileReference; lastKnownFileType = sourcecode.swift; path = MainViewModel.swift; sourceTree = "<group>"; };
		57BEB47B2C59AB6000E20930 /* MainView.swift */ = {isa = PBXFileReference; lastKnownFileType = sourcecode.swift; path = MainView.swift; sourceTree = "<group>"; };
		57BEB47D2C59AFB800E20930 /* Info.plist */ = {isa = PBXFileReference; lastKnownFileType = text.plist; path = Info.plist; sourceTree = "<group>"; };
		57CC54632C59C67500A5ACD3 /* HeadlineCell.swift */ = {isa = PBXFileReference; lastKnownFileType = sourcecode.swift; path = HeadlineCell.swift; sourceTree = "<group>"; };
		57CC54652C5A0AC900A5ACD3 /* HeadlineCellData.swift */ = {isa = PBXFileReference; lastKnownFileType = sourcecode.swift; path = HeadlineCellData.swift; sourceTree = "<group>"; };
		57EC79012C58D4EF004715AE /* NewsAPI.app */ = {isa = PBXFileReference; explicitFileType = wrapper.application; includeInIndex = 0; path = NewsAPI.app; sourceTree = BUILT_PRODUCTS_DIR; };
		57EC79082C58D4F0004715AE /* Assets.xcassets */ = {isa = PBXFileReference; lastKnownFileType = folder.assetcatalog; path = Assets.xcassets; sourceTree = "<group>"; };
		57EC790B2C58D4F0004715AE /* Preview Assets.xcassets */ = {isa = PBXFileReference; lastKnownFileType = folder.assetcatalog; path = "Preview Assets.xcassets"; sourceTree = "<group>"; };
		57EC79112C58D4F0004715AE /* NewsAPITests.xctest */ = {isa = PBXFileReference; explicitFileType = wrapper.cfbundle; includeInIndex = 0; path = NewsAPITests.xctest; sourceTree = BUILT_PRODUCTS_DIR; };
		57EC79152C58D4F0004715AE /* NewsAPITests.swift */ = {isa = PBXFileReference; lastKnownFileType = sourcecode.swift; path = NewsAPITests.swift; sourceTree = "<group>"; };
		57EC791B2C58D4F0004715AE /* NewsAPIUITests.xctest */ = {isa = PBXFileReference; explicitFileType = wrapper.cfbundle; includeInIndex = 0; path = NewsAPIUITests.xctest; sourceTree = BUILT_PRODUCTS_DIR; };
		57EC791F2C58D4F0004715AE /* NewsAPIUITests.swift */ = {isa = PBXFileReference; lastKnownFileType = sourcecode.swift; path = NewsAPIUITests.swift; sourceTree = "<group>"; };
		57EC79212C58D4F0004715AE /* NewsAPIUITestsLaunchTests.swift */ = {isa = PBXFileReference; lastKnownFileType = sourcecode.swift; path = NewsAPIUITestsLaunchTests.swift; sourceTree = "<group>"; };
/* End PBXFileReference section */

/* Begin PBXFrameworksBuildPhase section */
		57EC78FE2C58D4EF004715AE /* Frameworks */ = {
			isa = PBXFrameworksBuildPhase;
			buildActionMask = 2147483647;
			files = (
				57425FD12C592675007D1E76 /* Alamofire in Frameworks */,
				57CC54602C59B7EF00A5ACD3 /* SnapKit in Frameworks */,
			);
			runOnlyForDeploymentPostprocessing = 0;
		};
		57EC790E2C58D4F0004715AE /* Frameworks */ = {
			isa = PBXFrameworksBuildPhase;
			buildActionMask = 2147483647;
			files = (
			);
			runOnlyForDeploymentPostprocessing = 0;
		};
		57EC79182C58D4F0004715AE /* Frameworks */ = {
			isa = PBXFrameworksBuildPhase;
			buildActionMask = 2147483647;
			files = (
			);
			runOnlyForDeploymentPostprocessing = 0;
		};
/* End PBXFrameworksBuildPhase section */

/* Begin PBXGroup section */
		57425FD32C59275A007D1E76 /* Endpoints */ = {
			isa = PBXGroup;
			children = (
				57425FD42C59276D007D1E76 /* Endpointable.swift */,
				57425FD62C59289E007D1E76 /* TopHeadlinesEndpoint.swift */,
			);
			path = Endpoints;
			sourceTree = "<group>";
		};
		57425FD82C592B77007D1E76 /* Configs */ = {
			isa = PBXGroup;
			children = (
				57425FD92C592C11007D1E76 /* ServerConfig.swift */,
			);
			path = Configs;
			sourceTree = "<group>";
		};
		57425FDB2C592F5B007D1E76 /* Helpers */ = {
			isa = PBXGroup;
			children = (
				57425FDC2C592F66007D1E76 /* AlamofireHelper.swift */,
				57425FE22C5936B7007D1E76 /* HTTPRequestable.swift */,
			);
			path = Helpers;
			sourceTree = "<group>";
		};
		577899942C59205A00013EEF /* DataLayer */ = {
			isa = PBXGroup;
			children = (
				577899982C59207E00013EEF /* Models */,
				577899972C59207500013EEF /* LocalDataSources */,
				577899962C59206A00013EEF /* RemoteDataSources */,
				577899952C59206100013EEF /* Repositories */,
			);
			path = DataLayer;
			sourceTree = "<group>";
		};
		577899952C59206100013EEF /* Repositories */ = {
			isa = PBXGroup;
			children = (
				577899992C59208E00013EEF /* TopHeadlinesRepository.swift */,
			);
			path = Repositories;
			sourceTree = "<group>";
		};
		577899962C59206A00013EEF /* RemoteDataSources */ = {
			isa = PBXGroup;
			children = (
				57425FD32C59275A007D1E76 /* Endpoints */,
				57425FDB2C592F5B007D1E76 /* Helpers */,
				577899A22C5920D900013EEF /* Models */,
				577899A02C5920D500013EEF /* TopHeadlinesRemoteDataSource.swift */,
			);
			path = RemoteDataSources;
			sourceTree = "<group>";
		};
		577899972C59207500013EEF /* LocalDataSources */ = {
			isa = PBXGroup;
			children = (
				5778999D2C5920AA00013EEF /* Entities */,
				5778999B2C5920A500013EEF /* TopHeadlinesLocalDataSource.swift */,
			);
			path = LocalDataSources;
			sourceTree = "<group>";
		};
		577899982C59207E00013EEF /* Models */ = {
			isa = PBXGroup;
			children = (
				577899A52C59210100013EEF /* HeadlineModel.swift */,
			);
			path = Models;
			sourceTree = "<group>";
		};
		5778999D2C5920AA00013EEF /* Entities */ = {
			isa = PBXGroup;
			children = (
				5778999E2C5920BE00013EEF /* HeadlineEntity.swift */,
			);
			path = Entities;
			sourceTree = "<group>";
		};
		577899A22C5920D900013EEF /* Models */ = {
			isa = PBXGroup;
			children = (
				577899A92C59249600013EEF /* ArticleResponseModel.swift */,
				577899A72C59248500013EEF /* SourceResponseModel.swift */,
				577899A32C5920F300013EEF /* TopHeadlinesResponseModel.swift */,
			);
			path = Models;
			sourceTree = "<group>";
		};
		57BEB4752C59AB0400E20930 /* UILayer */ = {
			isa = PBXGroup;
			children = (
				57BEB4762C59AB2100E20930 /* Main */,
			);
			path = UILayer;
			sourceTree = "<group>";
		};
		57BEB4762C59AB2100E20930 /* Main */ = {
			isa = PBXGroup;
			children = (
				57CC54632C59C67500A5ACD3 /* HeadlineCell.swift */,
				57CC54652C5A0AC900A5ACD3 /* HeadlineCellData.swift */,
				57BEB47B2C59AB6000E20930 /* MainView.swift */,
				57BEB4772C59AB2E00E20930 /* MainViewController.swift */,
				57BEB4792C59AB3A00E20930 /* MainViewModel.swift */,
			);
			path = Main;
			sourceTree = "<group>";
		};
		57EC78F82C58D4EF004715AE = {
			isa = PBXGroup;
			children = (
				57EC79032C58D4EF004715AE /* NewsAPI */,
				57EC79142C58D4F0004715AE /* NewsAPITests */,
				57EC791E2C58D4F0004715AE /* NewsAPIUITests */,
				57EC79022C58D4EF004715AE /* Products */,
			);
			sourceTree = "<group>";
		};
		57EC79022C58D4EF004715AE /* Products */ = {
			isa = PBXGroup;
			children = (
				57EC79012C58D4EF004715AE /* NewsAPI.app */,
				57EC79112C58D4F0004715AE /* NewsAPITests.xctest */,
				57EC791B2C58D4F0004715AE /* NewsAPIUITests.xctest */,
			);
			name = Products;
			sourceTree = "<group>";
		};
		57EC79032C58D4EF004715AE /* NewsAPI */ = {
			isa = PBXGroup;
			children = (
				57BEB47D2C59AFB800E20930 /* Info.plist */,
				57425FD82C592B77007D1E76 /* Configs */,
				577899942C59205A00013EEF /* DataLayer */,
				57BEB4752C59AB0400E20930 /* UILayer */,
				57BEB4712C59AA9900E20930 /* AppDelegate.swift */,
				57BEB4732C59AABA00E20930 /* SceneDelegate.swift */,
				57EC79082C58D4F0004715AE /* Assets.xcassets */,
				57EC790A2C58D4F0004715AE /* Preview Content */,
			);
			path = NewsAPI;
			sourceTree = "<group>";
		};
		57EC790A2C58D4F0004715AE /* Preview Content */ = {
			isa = PBXGroup;
			children = (
				57EC790B2C58D4F0004715AE /* Preview Assets.xcassets */,
			);
			path = "Preview Content";
			sourceTree = "<group>";
		};
		57EC79142C58D4F0004715AE /* NewsAPITests */ = {
			isa = PBXGroup;
			children = (
				57EC79152C58D4F0004715AE /* NewsAPITests.swift */,
			);
			path = NewsAPITests;
			sourceTree = "<group>";
		};
		57EC791E2C58D4F0004715AE /* NewsAPIUITests */ = {
			isa = PBXGroup;
			children = (
				57EC791F2C58D4F0004715AE /* NewsAPIUITests.swift */,
				57EC79212C58D4F0004715AE /* NewsAPIUITestsLaunchTests.swift */,
			);
			path = NewsAPIUITests;
			sourceTree = "<group>";
		};
/* End PBXGroup section */

/* Begin PBXNativeTarget section */
		57EC79002C58D4EF004715AE /* NewsAPI */ = {
			isa = PBXNativeTarget;
			buildConfigurationList = 57EC79252C58D4F0004715AE /* Build configuration list for PBXNativeTarget "NewsAPI" */;
			buildPhases = (
				57EC78FD2C58D4EF004715AE /* Sources */,
				57EC78FE2C58D4EF004715AE /* Frameworks */,
				57EC78FF2C58D4EF004715AE /* Resources */,
			);
			buildRules = (
			);
			dependencies = (
			);
			name = NewsAPI;
			packageProductDependencies = (
				57425FD02C592675007D1E76 /* Alamofire */,
				57CC545F2C59B7EF00A5ACD3 /* SnapKit */,
			);
			productName = NewsAPI;
			productReference = 57EC79012C58D4EF004715AE /* NewsAPI.app */;
			productType = "com.apple.product-type.application";
		};
		57EC79102C58D4F0004715AE /* NewsAPITests */ = {
			isa = PBXNativeTarget;
			buildConfigurationList = 57EC79282C58D4F0004715AE /* Build configuration list for PBXNativeTarget "NewsAPITests" */;
			buildPhases = (
				57EC790D2C58D4F0004715AE /* Sources */,
				57EC790E2C58D4F0004715AE /* Frameworks */,
				57EC790F2C58D4F0004715AE /* Resources */,
			);
			buildRules = (
			);
			dependencies = (
				57EC79132C58D4F0004715AE /* PBXTargetDependency */,
			);
			name = NewsAPITests;
			productName = NewsAPITests;
			productReference = 57EC79112C58D4F0004715AE /* NewsAPITests.xctest */;
			productType = "com.apple.product-type.bundle.unit-test";
		};
		57EC791A2C58D4F0004715AE /* NewsAPIUITests */ = {
			isa = PBXNativeTarget;
			buildConfigurationList = 57EC792B2C58D4F0004715AE /* Build configuration list for PBXNativeTarget "NewsAPIUITests" */;
			buildPhases = (
				57EC79172C58D4F0004715AE /* Sources */,
				57EC79182C58D4F0004715AE /* Frameworks */,
				57EC79192C58D4F0004715AE /* Resources */,
			);
			buildRules = (
			);
			dependencies = (
				57EC791D2C58D4F0004715AE /* PBXTargetDependency */,
			);
			name = NewsAPIUITests;
			productName = NewsAPIUITests;
			productReference = 57EC791B2C58D4F0004715AE /* NewsAPIUITests.xctest */;
			productType = "com.apple.product-type.bundle.ui-testing";
		};
/* End PBXNativeTarget section */

/* Begin PBXProject section */
		57EC78F92C58D4EF004715AE /* Project object */ = {
			isa = PBXProject;
			attributes = {
				BuildIndependentTargetsInParallel = 1;
				LastSwiftUpdateCheck = 1540;
				LastUpgradeCheck = 1540;
				TargetAttributes = {
					57EC79002C58D4EF004715AE = {
						CreatedOnToolsVersion = 15.4;
					};
					57EC79102C58D4F0004715AE = {
						CreatedOnToolsVersion = 15.4;
						TestTargetID = 57EC79002C58D4EF004715AE;
					};
					57EC791A2C58D4F0004715AE = {
						CreatedOnToolsVersion = 15.4;
						TestTargetID = 57EC79002C58D4EF004715AE;
					};
				};
			};
			buildConfigurationList = 57EC78FC2C58D4EF004715AE /* Build configuration list for PBXProject "NewsAPI" */;
			compatibilityVersion = "Xcode 14.0";
			developmentRegion = en;
			hasScannedForEncodings = 0;
			knownRegions = (
				en,
				Base,
			);
			mainGroup = 57EC78F82C58D4EF004715AE;
			packageReferences = (
				57425FCF2C592675007D1E76 /* XCRemoteSwiftPackageReference "Alamofire" */,
				57CC545E2C59B7EF00A5ACD3 /* XCRemoteSwiftPackageReference "SnapKit" */,
			);
			productRefGroup = 57EC79022C58D4EF004715AE /* Products */;
			projectDirPath = "";
			projectRoot = "";
			targets = (
				57EC79002C58D4EF004715AE /* NewsAPI */,
				57EC79102C58D4F0004715AE /* NewsAPITests */,
				57EC791A2C58D4F0004715AE /* NewsAPIUITests */,
			);
		};
/* End PBXProject section */

/* Begin PBXResourcesBuildPhase section */
		57EC78FF2C58D4EF004715AE /* Resources */ = {
			isa = PBXResourcesBuildPhase;
			buildActionMask = 2147483647;
			files = (
				57EC790C2C58D4F0004715AE /* Preview Assets.xcassets in Resources */,
				57EC79092C58D4F0004715AE /* Assets.xcassets in Resources */,
			);
			runOnlyForDeploymentPostprocessing = 0;
		};
		57EC790F2C58D4F0004715AE /* Resources */ = {
			isa = PBXResourcesBuildPhase;
			buildActionMask = 2147483647;
			files = (
			);
			runOnlyForDeploymentPostprocessing = 0;
		};
		57EC79192C58D4F0004715AE /* Resources */ = {
			isa = PBXResourcesBuildPhase;
			buildActionMask = 2147483647;
			files = (
			);
			runOnlyForDeploymentPostprocessing = 0;
		};
/* End PBXResourcesBuildPhase section */

/* Begin PBXSourcesBuildPhase section */
		57EC78FD2C58D4EF004715AE /* Sources */ = {
			isa = PBXSourcesBuildPhase;
			buildActionMask = 2147483647;
			files = (
				57425FDD2C592F66007D1E76 /* AlamofireHelper.swift in Sources */,
				57BEB47C2C59AB6000E20930 /* MainView.swift in Sources */,
				57425FDA2C592C11007D1E76 /* ServerConfig.swift in Sources */,
				57425FD52C59276D007D1E76 /* Endpointable.swift in Sources */,
				57425FD72C59289E007D1E76 /* TopHeadlinesEndpoint.swift in Sources */,
				577899A62C59210100013EEF /* HeadlineModel.swift in Sources */,
				577899A42C5920F300013EEF /* TopHeadlinesResponseModel.swift in Sources */,
				57BEB4742C59AABA00E20930 /* SceneDelegate.swift in Sources */,
				57BEB4782C59AB2E00E20930 /* MainViewController.swift in Sources */,
				57CC54662C5A0AC900A5ACD3 /* HeadlineCellData.swift in Sources */,
				57BEB47A2C59AB3A00E20930 /* MainViewModel.swift in Sources */,
				577899AA2C59249600013EEF /* ArticleResponseModel.swift in Sources */,
				57BEB4722C59AA9900E20930 /* AppDelegate.swift in Sources */,
				5778999A2C59208E00013EEF /* TopHeadlinesRepository.swift in Sources */,
				57CC54642C59C67500A5ACD3 /* HeadlineCell.swift in Sources */,
				5778999F2C5920BE00013EEF /* HeadlineEntity.swift in Sources */,
				577899A82C59248500013EEF /* SourceResponseModel.swift in Sources */,
				5778999C2C5920A500013EEF /* TopHeadlinesLocalDataSource.swift in Sources */,
				57425FE32C5936B7007D1E76 /* HTTPRequestable.swift in Sources */,
				577899A12C5920D500013EEF /* TopHeadlinesRemoteDataSource.swift in Sources */,
			);
			runOnlyForDeploymentPostprocessing = 0;
		};
		57EC790D2C58D4F0004715AE /* Sources */ = {
			isa = PBXSourcesBuildPhase;
			buildActionMask = 2147483647;
			files = (
				57EC79162C58D4F0004715AE /* NewsAPITests.swift in Sources */,
			);
			runOnlyForDeploymentPostprocessing = 0;
		};
		57EC79172C58D4F0004715AE /* Sources */ = {
			isa = PBXSourcesBuildPhase;
			buildActionMask = 2147483647;
			files = (
				57EC79222C58D4F0004715AE /* NewsAPIUITestsLaunchTests.swift in Sources */,
				57EC79202C58D4F0004715AE /* NewsAPIUITests.swift in Sources */,
			);
			runOnlyForDeploymentPostprocessing = 0;
		};
/* End PBXSourcesBuildPhase section */

/* Begin PBXTargetDependency section */
		57EC79132C58D4F0004715AE /* PBXTargetDependency */ = {
			isa = PBXTargetDependency;
			target = 57EC79002C58D4EF004715AE /* NewsAPI */;
			targetProxy = 57EC79122C58D4F0004715AE /* PBXContainerItemProxy */;
		};
		57EC791D2C58D4F0004715AE /* PBXTargetDependency */ = {
			isa = PBXTargetDependency;
			target = 57EC79002C58D4EF004715AE /* NewsAPI */;
			targetProxy = 57EC791C2C58D4F0004715AE /* PBXContainerItemProxy */;
		};
/* End PBXTargetDependency section */

/* Begin XCBuildConfiguration section */
		57EC79232C58D4F0004715AE /* Debug */ = {
			isa = XCBuildConfiguration;
			buildSettings = {
				ALWAYS_SEARCH_USER_PATHS = NO;
				ASSETCATALOG_COMPILER_GENERATE_SWIFT_ASSET_SYMBOL_EXTENSIONS = YES;
				CLANG_ANALYZER_NONNULL = YES;
				CLANG_ANALYZER_NUMBER_OBJECT_CONVERSION = YES_AGGRESSIVE;
				CLANG_CXX_LANGUAGE_STANDARD = "gnu++20";
				CLANG_ENABLE_MODULES = YES;
				CLANG_ENABLE_OBJC_ARC = YES;
				CLANG_ENABLE_OBJC_WEAK = YES;
				CLANG_WARN_BLOCK_CAPTURE_AUTORELEASING = YES;
				CLANG_WARN_BOOL_CONVERSION = YES;
				CLANG_WARN_COMMA = YES;
				CLANG_WARN_CONSTANT_CONVERSION = YES;
				CLANG_WARN_DEPRECATED_OBJC_IMPLEMENTATIONS = YES;
				CLANG_WARN_DIRECT_OBJC_ISA_USAGE = YES_ERROR;
				CLANG_WARN_DOCUMENTATION_COMMENTS = YES;
				CLANG_WARN_EMPTY_BODY = YES;
				CLANG_WARN_ENUM_CONVERSION = YES;
				CLANG_WARN_INFINITE_RECURSION = YES;
				CLANG_WARN_INT_CONVERSION = YES;
				CLANG_WARN_NON_LITERAL_NULL_CONVERSION = YES;
				CLANG_WARN_OBJC_IMPLICIT_RETAIN_SELF = YES;
				CLANG_WARN_OBJC_LITERAL_CONVERSION = YES;
				CLANG_WARN_OBJC_ROOT_CLASS = YES_ERROR;
				CLANG_WARN_QUOTED_INCLUDE_IN_FRAMEWORK_HEADER = YES;
				CLANG_WARN_RANGE_LOOP_ANALYSIS = YES;
				CLANG_WARN_STRICT_PROTOTYPES = YES;
				CLANG_WARN_SUSPICIOUS_MOVE = YES;
				CLANG_WARN_UNGUARDED_AVAILABILITY = YES_AGGRESSIVE;
				CLANG_WARN_UNREACHABLE_CODE = YES;
				CLANG_WARN__DUPLICATE_METHOD_MATCH = YES;
				COPY_PHASE_STRIP = NO;
				DEBUG_INFORMATION_FORMAT = dwarf;
				ENABLE_STRICT_OBJC_MSGSEND = YES;
				ENABLE_TESTABILITY = YES;
				ENABLE_USER_SCRIPT_SANDBOXING = YES;
				GCC_C_LANGUAGE_STANDARD = gnu17;
				GCC_DYNAMIC_NO_PIC = NO;
				GCC_NO_COMMON_BLOCKS = YES;
				GCC_OPTIMIZATION_LEVEL = 0;
				GCC_PREPROCESSOR_DEFINITIONS = (
					"DEBUG=1",
					"$(inherited)",
				);
				GCC_WARN_64_TO_32_BIT_CONVERSION = YES;
				GCC_WARN_ABOUT_RETURN_TYPE = YES_ERROR;
				GCC_WARN_UNDECLARED_SELECTOR = YES;
				GCC_WARN_UNINITIALIZED_AUTOS = YES_AGGRESSIVE;
				GCC_WARN_UNUSED_FUNCTION = YES;
				GCC_WARN_UNUSED_VARIABLE = YES;
				IPHONEOS_DEPLOYMENT_TARGET = 16.0;
				LOCALIZATION_PREFERS_STRING_CATALOGS = YES;
				MTL_ENABLE_DEBUG_INFO = INCLUDE_SOURCE;
				MTL_FAST_MATH = YES;
				ONLY_ACTIVE_ARCH = YES;
				SDKROOT = iphoneos;
				SWIFT_ACTIVE_COMPILATION_CONDITIONS = "DEBUG $(inherited)";
				SWIFT_OPTIMIZATION_LEVEL = "-Onone";
			};
			name = Debug;
		};
		57EC79242C58D4F0004715AE /* Release */ = {
			isa = XCBuildConfiguration;
			buildSettings = {
				ALWAYS_SEARCH_USER_PATHS = NO;
				ASSETCATALOG_COMPILER_GENERATE_SWIFT_ASSET_SYMBOL_EXTENSIONS = YES;
				CLANG_ANALYZER_NONNULL = YES;
				CLANG_ANALYZER_NUMBER_OBJECT_CONVERSION = YES_AGGRESSIVE;
				CLANG_CXX_LANGUAGE_STANDARD = "gnu++20";
				CLANG_ENABLE_MODULES = YES;
				CLANG_ENABLE_OBJC_ARC = YES;
				CLANG_ENABLE_OBJC_WEAK = YES;
				CLANG_WARN_BLOCK_CAPTURE_AUTORELEASING = YES;
				CLANG_WARN_BOOL_CONVERSION = YES;
				CLANG_WARN_COMMA = YES;
				CLANG_WARN_CONSTANT_CONVERSION = YES;
				CLANG_WARN_DEPRECATED_OBJC_IMPLEMENTATIONS = YES;
				CLANG_WARN_DIRECT_OBJC_ISA_USAGE = YES_ERROR;
				CLANG_WARN_DOCUMENTATION_COMMENTS = YES;
				CLANG_WARN_EMPTY_BODY = YES;
				CLANG_WARN_ENUM_CONVERSION = YES;
				CLANG_WARN_INFINITE_RECURSION = YES;
				CLANG_WARN_INT_CONVERSION = YES;
				CLANG_WARN_NON_LITERAL_NULL_CONVERSION = YES;
				CLANG_WARN_OBJC_IMPLICIT_RETAIN_SELF = YES;
				CLANG_WARN_OBJC_LITERAL_CONVERSION = YES;
				CLANG_WARN_OBJC_ROOT_CLASS = YES_ERROR;
				CLANG_WARN_QUOTED_INCLUDE_IN_FRAMEWORK_HEADER = YES;
				CLANG_WARN_RANGE_LOOP_ANALYSIS = YES;
				CLANG_WARN_STRICT_PROTOTYPES = YES;
				CLANG_WARN_SUSPICIOUS_MOVE = YES;
				CLANG_WARN_UNGUARDED_AVAILABILITY = YES_AGGRESSIVE;
				CLANG_WARN_UNREACHABLE_CODE = YES;
				CLANG_WARN__DUPLICATE_METHOD_MATCH = YES;
				COPY_PHASE_STRIP = NO;
				DEBUG_INFORMATION_FORMAT = "dwarf-with-dsym";
				ENABLE_NS_ASSERTIONS = NO;
				ENABLE_STRICT_OBJC_MSGSEND = YES;
				ENABLE_USER_SCRIPT_SANDBOXING = YES;
				GCC_C_LANGUAGE_STANDARD = gnu17;
				GCC_NO_COMMON_BLOCKS = YES;
				GCC_WARN_64_TO_32_BIT_CONVERSION = YES;
				GCC_WARN_ABOUT_RETURN_TYPE = YES_ERROR;
				GCC_WARN_UNDECLARED_SELECTOR = YES;
				GCC_WARN_UNINITIALIZED_AUTOS = YES_AGGRESSIVE;
				GCC_WARN_UNUSED_FUNCTION = YES;
				GCC_WARN_UNUSED_VARIABLE = YES;
				IPHONEOS_DEPLOYMENT_TARGET = 16.0;
				LOCALIZATION_PREFERS_STRING_CATALOGS = YES;
				MTL_ENABLE_DEBUG_INFO = NO;
				MTL_FAST_MATH = YES;
				SDKROOT = iphoneos;
				SWIFT_COMPILATION_MODE = wholemodule;
				VALIDATE_PRODUCT = YES;
			};
			name = Release;
		};
		57EC79262C58D4F0004715AE /* Debug */ = {
			isa = XCBuildConfiguration;
			buildSettings = {
				ASSETCATALOG_COMPILER_APPICON_NAME = AppIcon;
				ASSETCATALOG_COMPILER_GLOBAL_ACCENT_COLOR_NAME = AccentColor;
				CODE_SIGN_STYLE = Automatic;
				CURRENT_PROJECT_VERSION = 1;
				DEVELOPMENT_ASSET_PATHS = "\"NewsAPI/Preview Content\"";
				ENABLE_PREVIEWS = YES;
				GENERATE_INFOPLIST_FILE = YES;
				INFOPLIST_FILE = NewsAPI/Info.plist;
				INFOPLIST_KEY_UIApplicationSupportsIndirectInputEvents = YES;
				INFOPLIST_KEY_UILaunchScreen_Generation = YES;
				INFOPLIST_KEY_UISupportedInterfaceOrientations_iPad = "UIInterfaceOrientationPortrait UIInterfaceOrientationPortraitUpsideDown UIInterfaceOrientationLandscapeLeft UIInterfaceOrientationLandscapeRight";
				INFOPLIST_KEY_UISupportedInterfaceOrientations_iPhone = "UIInterfaceOrientationPortrait UIInterfaceOrientationLandscapeLeft UIInterfaceOrientationLandscapeRight";
				LD_RUNPATH_SEARCH_PATHS = (
					"$(inherited)",
					"@executable_path/Frameworks",
				);
				MARKETING_VERSION = 1.0;
				PRODUCT_BUNDLE_IDENTIFIER = hsgpublic.example.NewsAPI;
				PRODUCT_NAME = "$(TARGET_NAME)";
				SWIFT_EMIT_LOC_STRINGS = YES;
				SWIFT_VERSION = 5.0;
				TARGETED_DEVICE_FAMILY = "1,2";
			};
			name = Debug;
		};
		57EC79272C58D4F0004715AE /* Release */ = {
			isa = XCBuildConfiguration;
			buildSettings = {
				ASSETCATALOG_COMPILER_APPICON_NAME = AppIcon;
				ASSETCATALOG_COMPILER_GLOBAL_ACCENT_COLOR_NAME = AccentColor;
				CODE_SIGN_STYLE = Automatic;
				CURRENT_PROJECT_VERSION = 1;
				DEVELOPMENT_ASSET_PATHS = "\"NewsAPI/Preview Content\"";
				ENABLE_PREVIEWS = YES;
				GENERATE_INFOPLIST_FILE = YES;
				INFOPLIST_FILE = NewsAPI/Info.plist;
				INFOPLIST_KEY_UIApplicationSupportsIndirectInputEvents = YES;
				INFOPLIST_KEY_UILaunchScreen_Generation = YES;
				INFOPLIST_KEY_UISupportedInterfaceOrientations_iPad = "UIInterfaceOrientationPortrait UIInterfaceOrientationPortraitUpsideDown UIInterfaceOrientationLandscapeLeft UIInterfaceOrientationLandscapeRight";
				INFOPLIST_KEY_UISupportedInterfaceOrientations_iPhone = "UIInterfaceOrientationPortrait UIInterfaceOrientationLandscapeLeft UIInterfaceOrientationLandscapeRight";
				LD_RUNPATH_SEARCH_PATHS = (
					"$(inherited)",
					"@executable_path/Frameworks",
				);
				MARKETING_VERSION = 1.0;
				PRODUCT_BUNDLE_IDENTIFIER = hsgpublic.example.NewsAPI;
				PRODUCT_NAME = "$(TARGET_NAME)";
				SWIFT_EMIT_LOC_STRINGS = YES;
				SWIFT_VERSION = 5.0;
				TARGETED_DEVICE_FAMILY = "1,2";
			};
			name = Release;
		};
		57EC79292C58D4F0004715AE /* Debug */ = {
			isa = XCBuildConfiguration;
			buildSettings = {
				ALWAYS_EMBED_SWIFT_STANDARD_LIBRARIES = YES;
				BUNDLE_LOADER = "$(TEST_HOST)";
				CODE_SIGN_STYLE = Automatic;
				CURRENT_PROJECT_VERSION = 1;
				GENERATE_INFOPLIST_FILE = YES;
				IPHONEOS_DEPLOYMENT_TARGET = 17.5;
				MARKETING_VERSION = 1.0;
				PRODUCT_BUNDLE_IDENTIFIER = hsgpublic.example.NewsAPITests;
				PRODUCT_NAME = "$(TARGET_NAME)";
				SWIFT_EMIT_LOC_STRINGS = NO;
				SWIFT_VERSION = 5.0;
				TARGETED_DEVICE_FAMILY = "1,2";
				TEST_HOST = "$(BUILT_PRODUCTS_DIR)/NewsAPI.app/$(BUNDLE_EXECUTABLE_FOLDER_PATH)/NewsAPI";
			};
			name = Debug;
		};
		57EC792A2C58D4F0004715AE /* Release */ = {
			isa = XCBuildConfiguration;
			buildSettings = {
				ALWAYS_EMBED_SWIFT_STANDARD_LIBRARIES = YES;
				BUNDLE_LOADER = "$(TEST_HOST)";
				CODE_SIGN_STYLE = Automatic;
				CURRENT_PROJECT_VERSION = 1;
				GENERATE_INFOPLIST_FILE = YES;
				IPHONEOS_DEPLOYMENT_TARGET = 17.5;
				MARKETING_VERSION = 1.0;
				PRODUCT_BUNDLE_IDENTIFIER = hsgpublic.example.NewsAPITests;
				PRODUCT_NAME = "$(TARGET_NAME)";
				SWIFT_EMIT_LOC_STRINGS = NO;
				SWIFT_VERSION = 5.0;
				TARGETED_DEVICE_FAMILY = "1,2";
				TEST_HOST = "$(BUILT_PRODUCTS_DIR)/NewsAPI.app/$(BUNDLE_EXECUTABLE_FOLDER_PATH)/NewsAPI";
			};
			name = Release;
		};
		57EC792C2C58D4F0004715AE /* Debug */ = {
			isa = XCBuildConfiguration;
			buildSettings = {
				ALWAYS_EMBED_SWIFT_STANDARD_LIBRARIES = YES;
				CODE_SIGN_STYLE = Automatic;
				CURRENT_PROJECT_VERSION = 1;
				GENERATE_INFOPLIST_FILE = YES;
				MARKETING_VERSION = 1.0;
				PRODUCT_BUNDLE_IDENTIFIER = hsgpublic.example.NewsAPIUITests;
				PRODUCT_NAME = "$(TARGET_NAME)";
				SWIFT_EMIT_LOC_STRINGS = NO;
				SWIFT_VERSION = 5.0;
				TARGETED_DEVICE_FAMILY = "1,2";
				TEST_TARGET_NAME = NewsAPI;
			};
			name = Debug;
		};
		57EC792D2C58D4F0004715AE /* Release */ = {
			isa = XCBuildConfiguration;
			buildSettings = {
				ALWAYS_EMBED_SWIFT_STANDARD_LIBRARIES = YES;
				CODE_SIGN_STYLE = Automatic;
				CURRENT_PROJECT_VERSION = 1;
				GENERATE_INFOPLIST_FILE = YES;
				MARKETING_VERSION = 1.0;
				PRODUCT_BUNDLE_IDENTIFIER = hsgpublic.example.NewsAPIUITests;
				PRODUCT_NAME = "$(TARGET_NAME)";
				SWIFT_EMIT_LOC_STRINGS = NO;
				SWIFT_VERSION = 5.0;
				TARGETED_DEVICE_FAMILY = "1,2";
				TEST_TARGET_NAME = NewsAPI;
			};
			name = Release;
		};
/* End XCBuildConfiguration section */

/* Begin XCConfigurationList section */
		57EC78FC2C58D4EF004715AE /* Build configuration list for PBXProject "NewsAPI" */ = {
			isa = XCConfigurationList;
			buildConfigurations = (
				57EC79232C58D4F0004715AE /* Debug */,
				57EC79242C58D4F0004715AE /* Release */,
			);
			defaultConfigurationIsVisible = 0;
			defaultConfigurationName = Release;
		};
		57EC79252C58D4F0004715AE /* Build configuration list for PBXNativeTarget "NewsAPI" */ = {
			isa = XCConfigurationList;
			buildConfigurations = (
				57EC79262C58D4F0004715AE /* Debug */,
				57EC79272C58D4F0004715AE /* Release */,
			);
			defaultConfigurationIsVisible = 0;
			defaultConfigurationName = Release;
		};
		57EC79282C58D4F0004715AE /* Build configuration list for PBXNativeTarget "NewsAPITests" */ = {
			isa = XCConfigurationList;
			buildConfigurations = (
				57EC79292C58D4F0004715AE /* Debug */,
				57EC792A2C58D4F0004715AE /* Release */,
			);
			defaultConfigurationIsVisible = 0;
			defaultConfigurationName = Release;
		};
		57EC792B2C58D4F0004715AE /* Build configuration list for PBXNativeTarget "NewsAPIUITests" */ = {
			isa = XCConfigurationList;
			buildConfigurations = (
				57EC792C2C58D4F0004715AE /* Debug */,
				57EC792D2C58D4F0004715AE /* Release */,
			);
			defaultConfigurationIsVisible = 0;
			defaultConfigurationName = Release;
		};
/* End XCConfigurationList section */

/* Begin XCRemoteSwiftPackageReference section */
		57425FCF2C592675007D1E76 /* XCRemoteSwiftPackageReference "Alamofire" */ = {
			isa = XCRemoteSwiftPackageReference;
			repositoryURL = "https://github.com/Alamofire/Alamofire.git";
			requirement = {
				kind = exactVersion;
				version = 5.9.1;
			};
		};
		57CC545E2C59B7EF00A5ACD3 /* XCRemoteSwiftPackageReference "SnapKit" */ = {
			isa = XCRemoteSwiftPackageReference;
			repositoryURL = "https://github.com/SnapKit/SnapKit.git";
			requirement = {
				kind = exactVersion;
				version = 5.7.1;
			};
		};
/* End XCRemoteSwiftPackageReference section */

/* Begin XCSwiftPackageProductDependency section */
		57425FD02C592675007D1E76 /* Alamofire */ = {
			isa = XCSwiftPackageProductDependency;
			package = 57425FCF2C592675007D1E76 /* XCRemoteSwiftPackageReference "Alamofire" */;
			productName = Alamofire;
		};
		57CC545F2C59B7EF00A5ACD3 /* SnapKit */ = {
			isa = XCSwiftPackageProductDependency;
			package = 57CC545E2C59B7EF00A5ACD3 /* XCRemoteSwiftPackageReference "SnapKit" */;
			productName = SnapKit;
		};
/* End XCSwiftPackageProductDependency section */
	};
	rootObject = 57EC78F92C58D4EF004715AE /* Project object */;
}
